
Microsoft Visual Studio Solution File, Format Version 12.00
# Visual Studio Version 16
VisualStudioVersion = 16.0.30621.155
MinimumVisualStudioVersion = 10.0.40219.1
Project("{FAE04EC0-301F-11D3-BF4B-00C04F79EFBC}") = "BlogTutorial2", "BlogTutorial2\BlogTutorial2.csproj", "{F6D722A7-4B82-41E5-B880-B56451DD6278}"
EndProject
Global
	GlobalSection(SolutionConfigurationPlatforms) = preSolution
		Debug|Any CPU = Debug|Any CPU
		Release|Any CPU = Release|Any CPU
	EndGlobalSection
	GlobalSection(ProjectConfigurationPlatforms) = postSolution
		{F6D722A7-4B82-41E5-B880-B56451DD6278}.Debug|Any CPU.ActiveCfg = Debug|Any CPU
		{F6D722A7-4B82-41E5-B880-B56451DD6278}.Debug|Any CPU.Build.0 = Debug|Any CPU
		{F6D722A7-4B82-41E5-B880-B56451DD6278}.Release|Any CPU.ActiveCfg = Release|Any CPU
		{F6D722A7-4B82-41E5-B880-B56451DD6278}.Release|Any CPU.Build.0 = Release|Any CPU
	EndGlobalSection
	GlobalSection(SolutionProperties) = preSolution
		HideSolutionNode = FALSE
	EndGlobalSection
	GlobalSection(ExtensibilityGlobals) = postSolution
		SolutionGuid = {AB68FB26-CB4F-4CA3-961A-5C6A20987F63}
	EndGlobalSection
EndGlobal
